
Microsoft Visual Studio Solution File, Format Version 12.00
# Visual Studio Version 17
VisualStudioVersion = 17.0.32014.148
MinimumVisualStudioVersion = 10.0.40219.1
Project("{9A19103F-16F7-4668-BE54-9A1E7A4F7556}") = "Publisher.Api", "Modules\Publisher\Publisher.Api\Publisher.Api.csproj", "{52FD92A5-AF1D-448E-9F9A-E5337BF65EFB}"
EndProject
Project("{9A19103F-16F7-4668-BE54-9A1E7A4F7556}") = "Consumer.Application", "Modules\Consumer\Consumer.Application\Consumer.Application.csproj", "{1628D71C-B5A1-4DB8-8A23-1B103C02AD1D}"
EndProject
Project("{2150E333-8FDC-42A3-9474-1A3956D46DE8}") = "Solution Items", "Solution Items", "{A9CFF0E9-2F15-4FFF-9F49-C306E5E9124D}"
	ProjectSection(SolutionItems) = preProject
		.env = .env
		Directory.Build.props = Directory.Build.props
		Config\otel-collector-config.yaml = Config\otel-collector-config.yaml
		Config\prometheus.yaml = Config\prometheus.yaml
		Config\telegraf.conf = Config\telegraf.conf
	EndProjectSection
EndProject
Project("{9A19103F-16F7-4668-BE54-9A1E7A4F7556}") = "Common.Application", "Common\Common.Application\Common.Application.csproj", "{8AC054A4-50A5-4349-B028-C8ECBF7AF3D9}"
EndProject
Project("{E53339B2-1760-4266-BCC7-CA923CBCF16C}") = "docker-compose", "docker-compose.dcproj", "{0934BC4D-6136-45E3-8DA3-D0CA4C4D2DDB}"
EndProject
Project("{2150E333-8FDC-42A3-9474-1A3956D46DE8}") = "Modules", "Modules", "{8E9B421A-EFDC-43CF-BA10-53A0446BAE17}"
EndProject
Project("{2150E333-8FDC-42A3-9474-1A3956D46DE8}") = "Publisher", "Publisher", "{F3BBCF0F-B8D4-4725-ABE8-BBF9E9BDF248}"
EndProject
Project("{2150E333-8FDC-42A3-9474-1A3956D46DE8}") = "Consumer", "Consumer", "{FB0348FF-6D4E-4249-959A-22E34198BF55}"
EndProject
Project("{2150E333-8FDC-42A3-9474-1A3956D46DE8}") = "Common", "Common", "{C63CE361-4594-4F93-BA2A-9A6EFD3282F7}"
EndProject
Project("{9A19103F-16F7-4668-BE54-9A1E7A4F7556}") = "Publisher.Application", "Modules\Publisher\Publisher.Application\Publisher.Application.csproj", "{C723C983-6085-4E60-837C-616B780FAE23}"
EndProject
Project("{9A19103F-16F7-4668-BE54-9A1E7A4F7556}") = "Consumer.Api", "Modules\Consumer\Consumer.Api\Consumer.Api.csproj", "{533F8E15-07A5-401D-A692-9DAD6CCCECF3}"
EndProject
Project("{9A19103F-16F7-4668-BE54-9A1E7A4F7556}") = "Common.Infrastructure.ElasticAPM", "Common\Common.Infrastructure.ElasticAPM\Common.Infrastructure.ElasticAPM.csproj", "{EC6A5C1E-9C96-4E4B-9742-C815A3D7893D}"
EndProject
Project("{9A19103F-16F7-4668-BE54-9A1E7A4F7556}") = "Common.Kafka", "Common\Common.Kafka\Common.Kafka.csproj", "{59CB9807-6DCF-4D43-8B3E-847EDACFBFDD}"
EndProject
Global
	GlobalSection(SolutionConfigurationPlatforms) = preSolution
		Debug|Any CPU = Debug|Any CPU
		Release|Any CPU = Release|Any CPU
	EndGlobalSection
	GlobalSection(ProjectConfigurationPlatforms) = postSolution
		{52FD92A5-AF1D-448E-9F9A-E5337BF65EFB}.Debug|Any CPU.ActiveCfg = Debug|Any CPU
		{52FD92A5-AF1D-448E-9F9A-E5337BF65EFB}.Debug|Any CPU.Build.0 = Debug|Any CPU
		{52FD92A5-AF1D-448E-9F9A-E5337BF65EFB}.Release|Any CPU.ActiveCfg = Release|Any CPU
		{52FD92A5-AF1D-448E-9F9A-E5337BF65EFB}.Release|Any CPU.Build.0 = Release|Any CPU
		{1628D71C-B5A1-4DB8-8A23-1B103C02AD1D}.Debug|Any CPU.ActiveCfg = Debug|Any CPU
		{1628D71C-B5A1-4DB8-8A23-1B103C02AD1D}.Debug|Any CPU.Build.0 = Debug|Any CPU
		{1628D71C-B5A1-4DB8-8A23-1B103C02AD1D}.Release|Any CPU.ActiveCfg = Release|Any CPU
		{1628D71C-B5A1-4DB8-8A23-1B103C02AD1D}.Release|Any CPU.Build.0 = Release|Any CPU
		{8AC054A4-50A5-4349-B028-C8ECBF7AF3D9}.Debug|Any CPU.ActiveCfg = Debug|Any CPU
		{8AC054A4-50A5-4349-B028-C8ECBF7AF3D9}.Debug|Any CPU.Build.0 = Debug|Any CPU
		{8AC054A4-50A5-4349-B028-C8ECBF7AF3D9}.Release|Any CPU.ActiveCfg = Release|Any CPU
		{8AC054A4-50A5-4349-B028-C8ECBF7AF3D9}.Release|Any CPU.Build.0 = Release|Any CPU
		{0934BC4D-6136-45E3-8DA3-D0CA4C4D2DDB}.Debug|Any CPU.ActiveCfg = Debug|Any CPU
		{0934BC4D-6136-45E3-8DA3-D0CA4C4D2DDB}.Debug|Any CPU.Build.0 = Debug|Any CPU
		{0934BC4D-6136-45E3-8DA3-D0CA4C4D2DDB}.Release|Any CPU.ActiveCfg = Release|Any CPU
		{0934BC4D-6136-45E3-8DA3-D0CA4C4D2DDB}.Release|Any CPU.Build.0 = Release|Any CPU
		{C723C983-6085-4E60-837C-616B780FAE23}.Debug|Any CPU.ActiveCfg = Debug|Any CPU
		{C723C983-6085-4E60-837C-616B780FAE23}.Debug|Any CPU.Build.0 = Debug|Any CPU
		{C723C983-6085-4E60-837C-616B780FAE23}.Release|Any CPU.ActiveCfg = Release|Any CPU
		{C723C983-6085-4E60-837C-616B780FAE23}.Release|Any CPU.Build.0 = Release|Any CPU
		{533F8E15-07A5-401D-A692-9DAD6CCCECF3}.Debug|Any CPU.ActiveCfg = Debug|Any CPU
		{533F8E15-07A5-401D-A692-9DAD6CCCECF3}.Debug|Any CPU.Build.0 = Debug|Any CPU
		{533F8E15-07A5-401D-A692-9DAD6CCCECF3}.Release|Any CPU.ActiveCfg = Release|Any CPU
		{533F8E15-07A5-401D-A692-9DAD6CCCECF3}.Release|Any CPU.Build.0 = Release|Any CPU
		{EC6A5C1E-9C96-4E4B-9742-C815A3D7893D}.Debug|Any CPU.ActiveCfg = Debug|Any CPU
		{EC6A5C1E-9C96-4E4B-9742-C815A3D7893D}.Debug|Any CPU.Build.0 = Debug|Any CPU
		{EC6A5C1E-9C96-4E4B-9742-C815A3D7893D}.Release|Any CPU.ActiveCfg = Release|Any CPU
		{EC6A5C1E-9C96-4E4B-9742-C815A3D7893D}.Release|Any CPU.Build.0 = Release|Any CPU
		{59CB9807-6DCF-4D43-8B3E-847EDACFBFDD}.Debug|Any CPU.ActiveCfg = Debug|Any CPU
		{59CB9807-6DCF-4D43-8B3E-847EDACFBFDD}.Debug|Any CPU.Build.0 = Debug|Any CPU
		{59CB9807-6DCF-4D43-8B3E-847EDACFBFDD}.Release|Any CPU.ActiveCfg = Release|Any CPU
		{59CB9807-6DCF-4D43-8B3E-847EDACFBFDD}.Release|Any CPU.Build.0 = Release|Any CPU
	EndGlobalSection
	GlobalSection(SolutionProperties) = preSolution
		HideSolutionNode = FALSE
	EndGlobalSection
	GlobalSection(NestedProjects) = preSolution
		{52FD92A5-AF1D-448E-9F9A-E5337BF65EFB} = {F3BBCF0F-B8D4-4725-ABE8-BBF9E9BDF248}
		{1628D71C-B5A1-4DB8-8A23-1B103C02AD1D} = {FB0348FF-6D4E-4249-959A-22E34198BF55}
		{8AC054A4-50A5-4349-B028-C8ECBF7AF3D9} = {C63CE361-4594-4F93-BA2A-9A6EFD3282F7}
		{F3BBCF0F-B8D4-4725-ABE8-BBF9E9BDF248} = {8E9B421A-EFDC-43CF-BA10-53A0446BAE17}
		{FB0348FF-6D4E-4249-959A-22E34198BF55} = {8E9B421A-EFDC-43CF-BA10-53A0446BAE17}
		{C723C983-6085-4E60-837C-616B780FAE23} = {F3BBCF0F-B8D4-4725-ABE8-BBF9E9BDF248}
		{533F8E15-07A5-401D-A692-9DAD6CCCECF3} = {FB0348FF-6D4E-4249-959A-22E34198BF55}
		{EC6A5C1E-9C96-4E4B-9742-C815A3D7893D} = {C63CE361-4594-4F93-BA2A-9A6EFD3282F7}
		{59CB9807-6DCF-4D43-8B3E-847EDACFBFDD} = {C63CE361-4594-4F93-BA2A-9A6EFD3282F7}
	EndGlobalSection
	GlobalSection(ExtensibilityGlobals) = postSolution
		SolutionGuid = {D8A76F37-7D27-4BFB-A051-165921F00F55}
	EndGlobalSection
EndGlobal
